
Microsoft Visual Studio Solution File, Format Version 12.00
# Visual Studio Version 17
VisualStudioVersion = 17.7.34018.315
MinimumVisualStudioVersion = 10.0.40219.1
Project("{FAE04EC0-301F-11D3-BF4B-00C04F79EFBC}") = "Front", "Front\Front.csproj", "{514A3FD2-7071-4407-88FB-48EDE8B4BFF5}"
EndProject
Project("{FAE04EC0-301F-11D3-BF4B-00C04F79EFBC}") = "Back", "Back\Back.csproj", "{8D943246-BA69-416E-A32F-1199158EED0B}"
EndProject
Global
	GlobalSection(SolutionConfigurationPlatforms) = preSolution
		Debug|Any CPU = Debug|Any CPU
		Release|Any CPU = Release|Any CPU
	EndGlobalSection
	GlobalSection(ProjectConfigurationPlatforms) = postSolution
		{514A3FD2-7071-4407-88FB-48EDE8B4BFF5}.Debug|Any CPU.ActiveCfg = Debug|Any CPU
		{514A3FD2-7071-4407-88FB-48EDE8B4BFF5}.Debug|Any CPU.Build.0 = Debug|Any CPU
		{514A3FD2-7071-4407-88FB-48EDE8B4BFF5}.Release|Any CPU.ActiveCfg = Release|Any CPU
		{514A3FD2-7071-4407-88FB-48EDE8B4BFF5}.Release|Any CPU.Build.0 = Release|Any CPU
		{8D943246-BA69-416E-A32F-1199158EED0B}.Debug|Any CPU.ActiveCfg = Debug|Any CPU
		{8D943246-BA69-416E-A32F-1199158EED0B}.Debug|Any CPU.Build.0 = Debug|Any CPU
		{8D943246-BA69-416E-A32F-1199158EED0B}.Release|Any CPU.ActiveCfg = Release|Any CPU
		{8D943246-BA69-416E-A32F-1199158EED0B}.Release|Any CPU.Build.0 = Release|Any CPU
	EndGlobalSection
	GlobalSection(SolutionProperties) = preSolution
		HideSolutionNode = FALSE
	EndGlobalSection
	GlobalSection(ExtensibilityGlobals) = postSolution
		SolutionGuid = {CD38B195-84B5-45A9-B039-7706C8365371}
	EndGlobalSection
EndGlobal
