
Microsoft Visual Studio Solution File, Format Version 12.00
# Visual Studio Version 17
VisualStudioVersion = 17.5.33530.505
MinimumVisualStudioVersion = 10.0.40219.1
Project("{FAE04EC0-301F-11D3-BF4B-00C04F79EFBC}") = "Ejercicio_4", "Ejercicio_4\Ejercicio_4.csproj", "{D60C5D17-4B13-4047-9036-12C7D62C98C5}"
EndProject
Project("{FAE04EC0-301F-11D3-BF4B-00C04F79EFBC}") = "biblioteca", "biblioteca\biblioteca.csproj", "{82E3C0FC-A4D0-4A37-B5F0-64364647C249}"
EndProject
Global
	GlobalSection(SolutionConfigurationPlatforms) = preSolution
		Debug|Any CPU = Debug|Any CPU
		Release|Any CPU = Release|Any CPU
	EndGlobalSection
	GlobalSection(ProjectConfigurationPlatforms) = postSolution
		{D60C5D17-4B13-4047-9036-12C7D62C98C5}.Debug|Any CPU.ActiveCfg = Debug|Any CPU
		{D60C5D17-4B13-4047-9036-12C7D62C98C5}.Debug|Any CPU.Build.0 = Debug|Any CPU
		{D60C5D17-4B13-4047-9036-12C7D62C98C5}.Release|Any CPU.ActiveCfg = Release|Any CPU
		{D60C5D17-4B13-4047-9036-12C7D62C98C5}.Release|Any CPU.Build.0 = Release|Any CPU
		{82E3C0FC-A4D0-4A37-B5F0-64364647C249}.Debug|Any CPU.ActiveCfg = Debug|Any CPU
		{82E3C0FC-A4D0-4A37-B5F0-64364647C249}.Debug|Any CPU.Build.0 = Debug|Any CPU
		{82E3C0FC-A4D0-4A37-B5F0-64364647C249}.Release|Any CPU.ActiveCfg = Release|Any CPU
		{82E3C0FC-A4D0-4A37-B5F0-64364647C249}.Release|Any CPU.Build.0 = Release|Any CPU
	EndGlobalSection
	GlobalSection(SolutionProperties) = preSolution
		HideSolutionNode = FALSE
	EndGlobalSection
	GlobalSection(ExtensibilityGlobals) = postSolution
		SolutionGuid = {13913A67-5ED0-481E-AD64-DA875F318DC6}
	EndGlobalSection
EndGlobal
