
Microsoft Visual Studio Solution File, Format Version 12.00
# Visual Studio Version 17
VisualStudioVersion = 17.7.34018.315
MinimumVisualStudioVersion = 10.0.40219.1
Project("{FAE04EC0-301F-11D3-BF4B-00C04F79EFBC}") = "SistemaFinanciero2", "SistemaFinanciero2\SistemaFinanciero2.csproj", "{6E6F0514-4F93-4D60-93C7-E63BAC2D9D8F}"
EndProject
Project("{FAE04EC0-301F-11D3-BF4B-00C04F79EFBC}") = "Solucion", "Solucion\Solucion.csproj", "{FFB10F38-86FD-4598-820E-97508DE46972}"
EndProject
Global
	GlobalSection(SolutionConfigurationPlatforms) = preSolution
		Debug|Any CPU = Debug|Any CPU
		Release|Any CPU = Release|Any CPU
	EndGlobalSection
	GlobalSection(ProjectConfigurationPlatforms) = postSolution
		{6E6F0514-4F93-4D60-93C7-E63BAC2D9D8F}.Debug|Any CPU.ActiveCfg = Debug|Any CPU
		{6E6F0514-4F93-4D60-93C7-E63BAC2D9D8F}.Debug|Any CPU.Build.0 = Debug|Any CPU
		{6E6F0514-4F93-4D60-93C7-E63BAC2D9D8F}.Release|Any CPU.ActiveCfg = Release|Any CPU
		{6E6F0514-4F93-4D60-93C7-E63BAC2D9D8F}.Release|Any CPU.Build.0 = Release|Any CPU
		{FFB10F38-86FD-4598-820E-97508DE46972}.Debug|Any CPU.ActiveCfg = Debug|Any CPU
		{FFB10F38-86FD-4598-820E-97508DE46972}.Debug|Any CPU.Build.0 = Debug|Any CPU
		{FFB10F38-86FD-4598-820E-97508DE46972}.Release|Any CPU.ActiveCfg = Release|Any CPU
		{FFB10F38-86FD-4598-820E-97508DE46972}.Release|Any CPU.Build.0 = Release|Any CPU
	EndGlobalSection
	GlobalSection(SolutionProperties) = preSolution
		HideSolutionNode = FALSE
	EndGlobalSection
	GlobalSection(ExtensibilityGlobals) = postSolution
		SolutionGuid = {56F4A460-1B4D-46E8-8464-E56B1643B3AB}
	EndGlobalSection
EndGlobal
